{
  "name": "sion-frontend",
  "version": "0.0.0",
  "lockfileVersion": 3,
  "requires": true,
  "packages": {
    "": {
      "name": "sion-frontend",
      "version": "0.0.0",
      "dependencies": {
        "clsx": "^2.1.1",
        "date-fns": "^4.1.0",
        "lucide-react": "^0.555.0",
        "react": "^19.2.0",
        "react-dom": "^19.2.0",
        "react-router-dom": "^6.20.0"
      },
      "devDependencies": {
        "@eslint/js": "^9.39.1",
        "@types/react": "^19.2.5",
        "@types/react-dom": "^19.2.3",
        "@vitejs/plugin-react": "^5.1.1",
        "autoprefixer": "^10.4.22",
        "eslint": "^9.39.1",
        "eslint-plugin-react-hooks": "^7.0.1",
        "eslint-plugin-react-refresh": "^0.4.24",
        "globals": "^16.5.0",
        "postcss": "^8.5.6",
        "tailwindcss": "^4.1.17",
        "vite": "^7.2.4"
      }
    },
    "node_modules/react-router-dom": {
      "version": "6.20.1",
      "resolved": "https://registry.npmjs.org/react-router-dom/-/react-router-dom-6.20.1.tgz",
      "integrity": "sha512-YS/9lW0yMEb2BjIiLaYkDz0c0gDwRKSFaUvvqVrPd4Y8b5W95RXlAz9kWXgCKcHwTr1sO6fKEm0qiMxFVkc4jg==",
      "dependencies": {
        "@remix-run/router": "1.10.0",
        "react-router": "6.20.1"
      },
      "engines": {
        "node": ">=14.0.0"
      },
      "peerDependencies": {
        "react": ">=16.8",
        "react-dom": ">=16.8"
      }
    },
    "node_modules/@remix-run/router": {
      "version": "1.10.0",
      "resolved": "https://registry.npmjs.org/@remix-run/router/-/router-1.10.0.tgz",
      "integrity": "sha512-Lm+fYpMfZJnusqH2xNYO0qukTtnlifIokNL2UX7tS6legG5O5wc8ASLqK3fnFBWwYeToIM9W5ZF31MgjCHVBXg==",
      "engines": {
        "node": ">=14.0.0"
      }
    },
    "node_modules/react-router": {
      "version": "6.20.1",
      "resolved": "https://registry.npmjs.org/react-router/-/react-router-6.20.1.tgz",
      "integrity": "sha512-jspJ1IB8Ln1/QpYo8hAH2zzCI9xHxQxL5FLvJYj+4BdJBd2dLJ4kJKQDYMBH7WaUdmKfbJlSSn9E5u0wfjJVKQ==",
      "dependencies": {
        "@remix-run/router": "1.10.0"
      },
      "engines": {
        "node": ">=14.0.0"
      },
      "peerDependencies": {
        "react": ">=16.8"
      }
    }
  }
}
