{
  "name": "sion-frontend",
  "version": "0.0.0",
  "lockfileVersion": 3,
  "requires": true,
  "packages": {
    "": {
      "name": "sion-frontend",
      "version": "0.0.0",
      "type": "module",
      "dependencies": {
        "clsx": "2.1.1",
        "date-fns": "4.1.0",
        "lucide-react": "0.555.0",
        "react": "19.2.0",
        "react-dom": "19.2.0",
        "react-router-dom": "6.20.0"
      },
      "devDependencies": {
        "@eslint/js": "9.39.1",
        "@types/react": "19.2.5",
        "@types/react-dom": "19.2.3",
        "@vitejs/plugin-react": "5.1.1",
        "autoprefixer": "10.4.22",
        "eslint": "9.39.1",
        "eslint-plugin-react-hooks": "7.0.1",
        "eslint-plugin-react-refresh": "0.4.24",
        "globals": "16.5.0",
        "postcss": "8.5.6",
        "tailwindcss": "4.1.17",
        "vite": "7.2.4"
      }
    },
    "node_modules/@babel/code-frame": {
      "version": "7.27.1",
      "resolved": "https://registry.npmjs.org/@babel/code-frame/-/code-frame-7.27.1.tgz",
      "integrity": "sha512-cjQ7ZlQ0Mv3b47hABuTevyTuYN4i+loJKGeV9flcCgIK37cCXRh+L1bd3iBHlynerhQ7BhCkn2BPbQUL+rGqFg==",
      "dev": true,
      "dependencies": {
        "@babel/helper-validator-identifier": "^7.27.1",
        "js-tokens": "^4.0.0",
        "picocolors": "^1.1.1"
      },
      "engines": {
        "node": ">=6.9.0"
      }
    },
    "node_modules/react-router": {
      "version": "6.20.0",
      "resolved": "https://registry.npmjs.org/react-router/-/react-router-6.20.0.tgz",
      "integrity": "sha512-e738LVNe7j4GSrjBP3hNaJsK6WGMm9GyYINOUSyJG2h/bUUB7qT7Oo6zZPK8wLHnBr6JAMaD+fELiD1VkjMOlw==",
      "dependencies": {
        "@remix-run/router": "1.9.0"
      },
      "engines": {
        "node": ">=14.0.0"
      },
      "peerDependencies": {
        "react": ">=16.8"
      }
    },
    "node_modules/react-router-dom": {
      "version": "6.20.0",
      "resolved": "https://registry.npmjs.org/react-router-dom/-/react-router-dom-6.20.0.tgz",
      "integrity": "sha512-e738LVNe7j4GSrjBP3hNaJsK6WGMm9GyYINOUSyJG2h/bUUB7qT7Oo6zZPK8wLHnBr6JAMaD+fELiD1VkjMOlw==",
      "dependencies": {
        "@remix-run/router": "1.9.0",
        "react-router": "6.20.0"
      },
      "engines": {
        "node": ">=14.0.0"
      },
      "peerDependencies": {
        "react": ">=16.8",
        "react-dom": ">=16.8"
      }
    },
    "node_modules/@remix-run/router": {
      "version": "1.9.0",
      "resolved": "https://registry.npmjs.org/@remix-run/router/-/router-1.9.0.tgz",
      "integrity": "sha512-bV0Tgo9K4hfPCek+aMAn81RppFKv2ySDQeMoSZuvTASywNTnVJCArCZE2FWqpvIatKu7VMRLWlR1EazvVhDyhQ==",
      "engines": {
        "node": ">=14.0.0"
      }
    },
    "node_modules/react": {
      "version": "19.2.0",
      "resolved": "https://registry.npmjs.org/react/-/react-19.2.0.tgz",
      "integrity": "sha512-QG/aM8n/7xaCjXA7u5qCEBiBVx8r7cG4c3d+q4lqUKT0zqxRV7iZnCNfNQaH1cYkGZPlNhxKzTd5jADk8EBqw==",
      "engines": {
        "node": ">=18.0"
      }
    },
    "node_modules/react-dom": {
      "version": "19.2.0",
      "resolved": "https://registry.npmjs.org/react-dom/-/react-dom-19.2.0.tgz",
      "integrity": "sha512-tITzEGnHWfqIRk9BV9klc0/7A7q3gkgU0ZQHZV85YjMNLfePTrmR/pGbMJnJ0QvNFBD2DZLBsFVK1FyOQKxLw==",
      "dependencies": {
        "scheduler": "^0.27.0"
      },
      "engines": {
        "node": ">=18.0"
      },
      "peerDependencies": {
        "react": "^19.0.0"
      }
    },
    "node_modules/scheduler": {
      "version": "0.27.0",
      "resolved": "https://registry.npmjs.org/scheduler/-/scheduler-0.27.0.tgz",
      "integrity": "sha512-2QVjZjHbLlJ8AI+DwwNCwEz2QH0LJUChiUI7IvQV+qq0g2FKkshZozYW7YdDXS/4FXvt33C+5rMCrUKIkjxnA=="
    },
    "node_modules/clsx": {
      "version": "2.1.1",
      "resolved": "https://registry.npmjs.org/clsx/-/clsx-2.1.1.tgz",
      "integrity": "sha512-eYm0QWBtUrBWZWG0d386OGAw16Z995PiOVo2B7bjWSbHedGl5e0ZWaq65kOGgUSNesEIDkB9ISbTg/JK9dhCZA==",
      "engines": {
        "node": ">=6"
      }
    },
    "node_modules/date-fns": {
      "version": "4.1.0",
      "resolved": "https://registry.npmjs.org/date-fns/-/date-fns-4.1.0.tgz",
      "integrity": "sha512-Ukq0owbQXxa/U3EGtsdVBkR1w7KOQ5gIBqdH2hkvknzZPYvBxb/aa6E8L7tmjFtkwZBu3UXBbjIgPo/Ez4xaNg==",
      "funding": {
        "type": "github",
        "url": "https://github.com/sponsors/kossnocorp"
      }
    },
    "node_modules/lucide-react": {
      "version": "0.555.0",
      "resolved": "https://registry.npmjs.org/lucide-react/-/lucide-react-0.555.0.tgz",
      "integrity": "sha512-6V7uRPmwkXlvhqnC1tCKfP4sKp8YeGhIQs2Jv9n7qNnfUZqrB5wL+Vf0Z0vfDRWHN3PNMb8rqaIq5i0zPMpjg==",
      "peerDependencies": {
        "react": "^16.5.1 || ^17.0.0 || ^18.0.0 || ^19.0.0"
      }
    },
    "node_modules/vite": {
      "version": "7.2.4",
      "resolved": "https://registry.npmjs.org/vite/-/vite-7.2.4.tgz",
      "integrity": "sha512-8+mEbZLwXrEKP5dQlGvvB8QGBJ5L2aN8MxFvMHjuTjLcjBfKjEpBzMV7A6I2yFJwYdMNqB1K5cCz6+L9LW4+A==",
      "dev": true,
      "engines": {
        "node": "^18.0.0 || >=20.0.0"
      }
    },
    "node_modules/@vitejs/plugin-react": {
      "version": "5.1.1",
      "resolved": "https://registry.npmjs.org/@vitejs/plugin-react/-/plugin-react-5.1.1.tgz",
      "integrity": "sha512-WQfkSw0QbQ5aJ2CHYw23ZGkqnRwqKHD/KYsMeTkZzPT4Jcf0DcBxBtwMJxnu6E7oxw5+JC6ZAiePgh28uJ1HBA==",
      "dev": true,
      "engines": {
        "node": "^20.19.0 || >=22.12.0"
      }
    },
    "node_modules/eslint": {
      "version": "9.39.1",
      "resolved": "https://registry.npmjs.org/eslint/-/eslint-9.39.1.tgz",
      "integrity": "sha512-BhHmn2yNOFA9H9JmmIVKJmd288g9hrVRDkdoIgRCRuSySRUHH7r/DI6aAXW9T1WwUuY3DFgrcaqB+deURBLR5g==",
      "dev": true,
      "engines": {
        "node": "^18.18.0 || ^20.9.0 || >=21.1.0"
      }
    },
    "node_modules/@eslint/js": {
      "version": "9.39.1",
      "resolved": "https://registry.npmjs.org/@eslint/js/-/js-9.39.1.tgz",
      "integrity": "sha512-S26Stp4zCy88tH94QbBv3XCuzRQiZ9yXofEILmglYTh/Ug/a9/umqvgFtYBAo3Lp0nsI/5/qH1CCrbdK3AP1Tw==",
      "dev": true,
      "engines": {
        "node": "^18.18.0 || ^20.9.0 || >=21.1.0"
      }
    },
    "node_modules/@types/react": {
      "version": "19.2.5",
      "resolved": "https://registry.npmjs.org/@types/react/-/react-19.2.5.tgz",
      "integrity": "sha512-qGMpfCvQRNeFKG1v3LPMdz1RMSD8cGfjXr1/gJREKWDQM7zt9VNHmM8nK8+t3QqLI8MJ0xY9VCQH1BPQKW5UBg==",
      "dev": true,
      "dependencies": {
        "csstype": "^3.1.3"
      }
    },
    "node_modules/@types/react-dom": {
      "version": "19.2.3",
      "resolved": "https://registry.npmjs.org/@types/react-dom/-/react-dom-19.2.3.tgz",
      "integrity": "sha512-jp2L/eY6fn+KgVVQAOqYItbF0VY/YApe5Mz2F0aykSO8gx31bYCZyvSeYxCHKvzHG5eZjc+zyaS5BrBWya2+kQ==",
      "dev": true
    },
    "node_modules/csstype": {
      "version": "3.2.3",
      "resolved": "https://registry.npmjs.org/csstype/-/csstype-3.2.3.tgz",
      "integrity": "sha512-z1HGKcYy2xA8AGQfwrn0PAy+PB7X/GSj3UVJW9qKyn43xWa+gl5nXmU4qqLMRzWVLFC8KusUX8T/0kCiOYpAIQ==",
      "dev": true
    },
    "node_modules/autoprefixer": {
      "version": "10.4.22",
      "resolved": "https://registry.npmjs.org/autoprefixer/-/autoprefixer-10.4.22.tgz",
      "integrity": "sha512-ARe0v/t9gO28Bznv6GgqARmVqcWOV3mfgUPn9becPHMiD3o9BwlRgaeccZnwTpZ7Zwqrm+c1sUSsMxIzQzc8Xg==",
      "dev": true,
      "dependencies": {
        "browserslist": "^4.27.0",
        "caniuse-lite": "^1.0.30001754",
        "fraction.js": "^5.3.4",
        "normalize-range": "^0.1.2",
        "picocolors": "^1.1.1",
        "postcss-value-parser": "^4.2.0"
      }
    },
    "node_modules/postcss": {
      "version": "8.5.6",
      "resolved": "https://registry.npmjs.org/postcss/-/postcss-8.5.6.tgz",
      "integrity": "sha512-D+vRhHvRDjUKvBvVrvzq/TK8L6Rm/UrCY+nGnT5EKw2YCvqmPsXPK4V8M6YSXQ7U1UEgUvJfE+WxZZ7rKoqnA==",
      "dev": true,
      "engines": {
        "node": ">= 14"
      }
    },
    "node_modules/tailwindcss": {
      "version": "4.1.17",
      "resolved": "https://registry.npmjs.org/tailwindcss/-/tailwindcss-4.1.17.tgz",
      "integrity": "sha512-8zN9x0l0/6Cy3QQhOPGM8i7QNBZ9c+SqP8fxGYkPpZg/HaOjZJ4/NKKcgIVk0lB0YkLDDqe/TrBUhvRTQvCPg==",
      "dev": true,
      "engines": {
        "node": ">=18"
      }
    },
    "node_modules/eslint-plugin-react-hooks": {
      "version": "7.0.1",
      "resolved": "https://registry.npmjs.org/eslint-plugin-react-hooks/-/eslint-plugin-react-hooks-7.0.1.tgz",
      "integrity": "sha512-O0d0m04evaNzEPoSW+59Mezf8Qt0InfgGIBJnpC0h3NH/WjUAR7BIKUfysC6todmmiZ/A0oUVS8Gce0WhBrHsA==",
      "dev": true
    },
    "node_modules/eslint-plugin-react-refresh": {
      "version": "0.4.24",
      "resolved": "https://registry.npmjs.org/eslint-plugin-react-refresh/-/eslint-plugin-react-refresh-0.4.24.tgz",
      "integrity": "sha512-nLHIW7TEq3aLrEYWpVaJ1dRgFR+wLDPN8e8FpYAql/bMV2oBEfC37K0gLEGgv9fy66juNShSMV8OkTqzltcG/w==",
      "dev": true
    },
    "node_modules/globals": {
      "version": "16.5.0",
      "resolved": "https://registry.npmjs.org/globals/-/globals-16.5.0.tgz",
      "integrity": "sha512-c/c15i26VrJ4IRt5Z89DnIzCGDn9EcebibhAOjw5ibqEHsE1wLUgkPn9RDmNcUKyU87GeaL633nyJ+pplFR2ZQ==",
      "dev": true,
      "engines": {
        "node": ">=18"
      }
    },
    "node_modules/picocolors": {
      "version": "1.1.1",
      "resolved": "https://registry.npmjs.org/picocolors/-/picocolors-1.1.1.tgz",
      "integrity": "sha512-xceUvD8r8n25KSsDe+2+9B8uHS4USTiLvr1zA+NSJKyp2SAe5wAzRmATy3dVm9dqv70mr8ep6gOqDjazaAm6Mg==",
      "dev": true
    },
    "node_modules/js-tokens": {
      "version": "4.0.0",
      "resolved": "https://registry.npmjs.org/js-tokens/-/js-tokens-4.0.0.tgz",
      "integrity": "sha512-RdJUflcE3cUzKiMqQgsCu06FPu9UdIJO0beYbPhHN4k6apgJtifcoCtT9",
      "dev": true
    },
    "node_modules/browserslist": {
      "version": "4.28.1",
      "resolved": "https://registry.npmjs.org/browserslist/-/browserslist-4.28.1.tgz",
      "integrity": "sha512-vwZMEhVp3aLh0Y0JPi89CVKN8VWBnzrx0PSvLQe2xGhJPjSLqIGBfZj0WK/Pv8p/RCzVb6Tj/+k9mKGhMq1yEA==",
      "dev": true
    },
    "node_modules/caniuse-lite": {
      "version": "1.0.30001761",
      "resolved": "https://registry.npmjs.org/caniuse-lite/-/caniuse-lite-1.0.30001761.tgz",
      "integrity": "sha512-eOZEeIsPMJbHhAOJZFDp9T6PCiAy9nYRX6Eqh9QxNfqgbH0uyHpO0/bJLpWaqMjCEDnfW2IaTxTWV8oI4VLqA==",
      "dev": true
    },
    "node_modules/fraction.js": {
      "version": "5.3.4",
      "resolved": "https://registry.npmjs.org/fraction.js/-/fraction.js-5.3.4.tgz",
      "integrity": "sha512-1X1NTtiJphryn/uLQz3whtY6jK3fTqoE3ohKs0tT+Ujr1W59oopxmoEh7Lu5p6vBaPbgoM0bzveAW4Qi5RyWDQ==",
      "dev": true
    },
    "node_modules/normalize-range": {
      "version": "0.1.2",
      "resolved": "https://registry.npmjs.org/normalize-range/-/normalize-range-0.1.2.tgz",
      "integrity": "sha512-bdok/xvKX4cpKuyjtqE97O3NwJCOuNMsbXgQ7kYCSvqUewf4Q98aYGX2RoRoB96nSmVkiS1DqMRmicans8U+PQ==",
      "dev": true,
      "engines": {
        "node": ">=2.0.0"
      }
    },
    "node_modules/postcss-value-parser": {
      "version": "4.2.0",
      "resolved": "https://registry.npmjs.org/postcss-value-parser/-/postcss-value-parser-4.2.0.tgz",
      "integrity": "sha512-1NNCs6icalVO9VMZkHkwNND3CNq37gLMkfbW2uE87tirQmuqjVJYPYJ+/D1BVo2Q8tomb2krSoMkQP338AlKZg==",
      "dev": true
    }
  }
}
